
Microsoft Visual Studio Solution File, Format Version 12.00
# Visual Studio Version 17
VisualStudioVersion = 17.9.34728.123
MinimumVisualStudioVersion = 10.0.40219.1
Project("{FAE04EC0-301F-11D3-BF4B-00C04F79EFBC}") = "Xavian", "Xavian\Xavian.csproj", "{3682CFFF-C351-4DF5-A99D-C7E6EF5085F6}"
EndProject
Global
	GlobalSection(SolutionConfigurationPlatforms) = preSolution
		Debug|Any CPU = Debug|Any CPU
		Release|Any CPU = Release|Any CPU
	EndGlobalSection
	GlobalSection(ProjectConfigurationPlatforms) = postSolution
		{3682CFFF-C351-4DF5-A99D-C7E6EF5085F6}.Debug|Any CPU.ActiveCfg = Debug|Any CPU
		{3682CFFF-C351-4DF5-A99D-C7E6EF5085F6}.Debug|Any CPU.Build.0 = Debug|Any CPU
		{3682CFFF-C351-4DF5-A99D-C7E6EF5085F6}.Release|Any CPU.ActiveCfg = Release|Any CPU
		{3682CFFF-C351-4DF5-A99D-C7E6EF5085F6}.Release|Any CPU.Build.0 = Release|Any CPU
	EndGlobalSection
	GlobalSection(SolutionProperties) = preSolution
		HideSolutionNode = FALSE
	EndGlobalSection
	GlobalSection(ExtensibilityGlobals) = postSolution
		SolutionGuid = {7BC8788F-2027-409E-87CB-489C54481272}
	EndGlobalSection
EndGlobal
